
Microsoft Visual Studio Solution File, Format Version 12.00
# Visual Studio Version 17
VisualStudioVersion = 17.10.35013.160
MinimumVisualStudioVersion = 10.0.40219.1
Project("{FAE04EC0-301F-11D3-BF4B-00C04F79EFBC}") = "SearchingAlgorithms", "SearchingAlgorithms.csproj", "{0537A58E-1210-41B8-9D59-879D9837F298}"
EndProject
Global
	GlobalSection(SolutionConfigurationPlatforms) = preSolution
		Debug|Any CPU = Debug|Any CPU
		Release|Any CPU = Release|Any CPU
	EndGlobalSection
	GlobalSection(ProjectConfigurationPlatforms) = postSolution
		{0537A58E-1210-41B8-9D59-879D9837F298}.Debug|Any CPU.ActiveCfg = Debug|Any CPU
		{0537A58E-1210-41B8-9D59-879D9837F298}.Debug|Any CPU.Build.0 = Debug|Any CPU
		{0537A58E-1210-41B8-9D59-879D9837F298}.Release|Any CPU.ActiveCfg = Release|Any CPU
		{0537A58E-1210-41B8-9D59-879D9837F298}.Release|Any CPU.Build.0 = Release|Any CPU
	EndGlobalSection
	GlobalSection(SolutionProperties) = preSolution
		HideSolutionNode = FALSE
	EndGlobalSection
	GlobalSection(ExtensibilityGlobals) = postSolution
		SolutionGuid = {FC9B194A-0DB8-4C94-A8C4-7CC01975C404}
	EndGlobalSection
EndGlobal
